// !$*UTF8*$!
{
	archiveVersion = 1;
	classes = {
	};
	objectVersion = 46;
	objects = {

/* Begin PBXBuildFile section */
		A8C2E4011A68E29800064D9F /* main.m in Sources */ = {isa = PBXBuildFile; fileRef = A8C2E4001A68E29800064D9F /* main.m */; };
		A8C2E4041A68E29800064D9F /* AppDelegate.m in Sources */ = {isa = PBXBuildFile; fileRef = A8C2E4031A68E29800064D9F /* AppDelegate.m */; };
		A8C2E4071A68E29800064D9F /* ViewController.m in Sources */ = {isa = PBXBuildFile; fileRef = A8C2E4061A68E29800064D9F /* ViewController.m */; };
		A8C2E40A1A68E29800064D9F /* Main.storyboard in Resources */ = {isa = PBXBuildFile; fileRef = A8C2E4081A68E29800064D9F /* Main.storyboard */; };
		A8C2E40C1A68E29800064D9F /* Images.xcassets in Resources */ = {isa = PBXBuildFile; fileRef = A8C2E40B1A68E29800064D9F /* Images.xcassets */; };
		A8C2E40F1A68E29800064D9F /* LaunchScreen.xib in Resources */ = {isa = PBXBuildFile; fileRef = A8C2E40D1A68E29800064D9F /* LaunchScreen.xib */; };
		A8C2E41B1A68E29800064D9F /* APPTests.m in Sources */ = {isa = PBXBuildFile; fileRef = A8C2E41A1A68E29800064D9F /* APPTests.m */; };
/* End PBXBuildFile section */

/* Begin PBXContainerItemProxy section */
		A8C2E4151A68E29800064D9F /* PBXContainerItemProxy */ = {
			isa = PBXContainerItemProxy;
			containerPortal = A8C2E3F31A68E29800064D9F /* Project object */;
			proxyType = 1;
			remoteGlobalIDString = A8C2E3FA1A68E29800064D9F;
			remoteInfo = APP;
		};
/* End PBXContainerItemProxy section */

/* Begin PBXFileReference section */
		A8C2E3FB1A68E29800064D9F /* APP.app */ = {isa = PBXFileReference; explicitFileType = wrapper.application; includeInIndex = 0; path = APP.app; sourceTree = BUILT_PRODUCTS_DIR; };
		A8C2E3FF1A68E29800064D9F /* Info.plist */ = {isa = PBXFileReference; lastKnownFileType = text.plist.xml; path = Info.plist; sourceTree = "<group>"; };
		A8C2E4001A68E29800064D9F /* main.m */ = {isa = PBXFileReference; lastKnownFileType = sourcecode.c.objc; path = main.m; sourceTree = "<group>"; };
		A8C2E4021A68E29800064D9F /* AppDelegate.h */ = {isa = PBXFileReference; lastKnownFileType = sourcecode.c.h; path = AppDelegate.h; sourceTree = "<group>"; };
		A8C2E4031A68E29800064D9F /* AppDelegate.m */ = {isa = PBXFileReference; lastKnownFileType = sourcecode.c.objc; path = AppDelegate.m; sourceTree = "<group>"; };
		A8C2E4051A68E29800064D9F /* ViewController.h */ = {isa = PBXFileReference; lastKnownFileType = sourcecode.c.h; path = ViewController.h; sourceTree = "<group>"; };
		A8C2E4061A68E29800064D9F /* ViewController.m */ = {isa = PBXFileReference; lastKnownFileType = sourcecode.c.objc; path = ViewController.m; sourceTree = "<group>"; };
		A8C2E4091A68E29800064D9F /* Base */ = {isa = PBXFileReference; lastKnownFileType = file.storyboard; name = Base; path = Base.lproj/Main.storyboard; sourceTree = "<group>"; };
		A8C2E40B1A68E29800064D9F /* Images.xcassets */ = {isa = PBXFileReference; lastKnownFileType = folder.assetcatalog; path = Images.xcassets; sourceTree = "<group>"; };
		A8C2E40E1A68E29800064D9F /* Base */ = {isa = PBXFileReference; lastKnownFileType = file.xib; name = Base; path = Base.lproj/LaunchScreen.xib; sourceTree = "<group>"; };
		A8C2E4141A68E29800064D9F /* APPTests.xctest */ = {isa = PBXFileReference; explicitFileType = wrapper.cfbundle; includeInIndex = 0; path = APPTests.xctest; sourceTree = BUILT_PRODUCTS_DIR; };
		A8C2E4191A68E29800064D9F /* Info.plist */ = {isa = PBXFileReference; lastKnownFileType = text.plist.xml; path = Info.plist; sourceTree = "<group>"; };
		A8C2E41A1A68E29800064D9F /* APPTests.m */ = {isa = PBXFileReference; lastKnownFileType = sourcecode.c.objc; path = APPTests.m; sourceTree = "<group>"; };
/* End PBXFileReference section */

/* Begin PBXFrameworksBuildPhase section */
		A8C2E3F81A68E29800064D9F /* Frameworks */ = {
			isa = PBXFrameworksBuildPhase;
			buildActionMask = 2147483647;
			files = (
			);
			runOnlyForDeploymentPostprocessing = 0;
		};
		A8C2E4111A68E29800064D9F /* Frameworks */ = {
			isa = PBXFrameworksBuildPhase;
			buildActionMask = 2147483647;
			files = (
			);
			runOnlyForDeploymentPostprocessing = 0;
		};
/* End PBXFrameworksBuildPhase section */

/* Begin PBXGroup section */
		A8C2E3F21A68E29800064D9F = {
			isa = PBXGroup;
			children = (
				A8C2E3FD1A68E29800064D9F /* APP */,
				A8C2E4171A68E29800064D9F /* APPTests */,
				A8C2E3FC1A68E29800064D9F /* Products */,
			);
			sourceTree = "<group>";
		};
		A8C2E3FC1A68E29800064D9F /* Products */ = {
			isa = PBXGroup;
			children = (
				A8C2E3FB1A68E29800064D9F /* APP.app */,
				A8C2E4141A68E29800064D9F /* APPTests.xctest */,
			);
			name = Products;
			sourceTree = "<group>";
		};
		A8C2E3FD1A68E29800064D9F /* APP */ = {
			isa = PBXGroup;
			children = (
				A8C2E4021A68E29800064D9F /* AppDelegate.h */,
				A8C2E4031A68E29800064D9F /* AppDelegate.m */,
				A8C2E4051A68E29800064D9F /* ViewController.h */,
				A8C2E4061A68E29800064D9F /* ViewController.m */,
				A8C2E4081A68E29800064D9F /* Main.storyboard */,
				A8C2E40B1A68E29800064D9F /* Images.xcassets */,
				A8C2E40D1A68E29800064D9F /* LaunchScreen.xib */,
				A8C2E3FE1A68E29800064D9F /* Supporting Files */,
			);
			path = APP;
			sourceTree = "<group>";
		};
		A8C2E3FE1A68E29800064D9F /* Supporting Files */ = {
			isa = PBXGroup;
			children = (
				A8C2E3FF1A68E29800064D9F /* Info.plist */,
				A8C2E4001A68E29800064D9F /* main.m */,
			);
			name = "Supporting Files";
			sourceTree = "<group>";
		};
		A8C2E4171A68E29800064D9F /* APPTests */ = {
			isa = PBXGroup;
			children = (
				A8C2E41A1A68E29800064D9F /* APPTests.m */,
				A8C2E4181A68E29800064D9F /* Supporting Files */,
			);
			path = APPTests;
			sourceTree = "<group>";
		};
		A8C2E4181A68E29800064D9F /* Supporting Files */ = {
			isa = PBXGroup;
			children = (
				A8C2E4191A68E29800064D9F /* Info.plist */,
			);
			name = "Supporting Files";
			sourceTree = "<group>";
		};
/* End PBXGroup section */

/* Begin PBXNativeTarget section */
		A8C2E3FA1A68E29800064D9F /* APP */ = {
			isa = PBXNativeTarget;
			buildConfigurationList = A8C2E41E1A68E29800064D9F /* Build configuration list for PBXNativeTarget "APP" */;
			buildPhases = (
				A8C2E3F71A68E29800064D9F /* Sources */,
				A8C2E3F81A68E29800064D9F /* Frameworks */,
				A8C2E3F91A68E29800064D9F /* Resources */,
			);
			buildRules = (
			);
			dependencies = (
			);
			name = APP;
			productName = APP;
			productReference = A8C2E3FB1A68E29800064D9F /* APP.app */;
			productType = "com.apple.product-type.application";
		};
		A8C2E4131A68E29800064D9F /* APPTests */ = {
			isa = PBXNativeTarget;
			buildConfigurationList = A8C2E4211A68E29800064D9F /* Build configuration list for PBXNativeTarget "APPTests" */;
			buildPhases = (
				A8C2E4101A68E29800064D9F /* Sources */,
				A8C2E4111A68E29800064D9F /* Frameworks */,
				A8C2E4121A68E29800064D9F /* Resources */,
			);
			buildRules = (
			);
			dependencies = (
				A8C2E4161A68E29800064D9F /* PBXTargetDependency */,
			);
			name = APPTests;
			productName = APPTests;
			productReference = A8C2E4141A68E29800064D9F /* APPTests.xctest */;
			productType = "com.apple.product-type.bundle.unit-test";
		};
/* End PBXNativeTarget section */

/* Begin PBXProject section */
		A8C2E3F31A68E29800064D9F /* Project object */ = {
			isa = PBXProject;
			attributes = {
				LastUpgradeCheck = 0610;
				ORGANIZATIONNAME = carret;
				TargetAttributes = {
					A8C2E3FA1A68E29800064D9F = {
						CreatedOnToolsVersion = 6.1;
					};
					A8C2E4131A68E29800064D9F = {
						CreatedOnToolsVersion = 6.1;
						TestTargetID = A8C2E3FA1A68E29800064D9F;
					};
				};
			};
			buildConfigurationList = A8C2E3F61A68E29800064D9F /* Build configuration list for PBXProject "APP" */;
			compatibilityVersion = "Xcode 3.2";
			developmentRegion = English;
			hasScannedForEncodings = 0;
			knownRegions = (
				en,
				Base,
			);
			mainGroup = A8C2E3F21A68E29800064D9F;
			productRefGroup = A8C2E3FC1A68E29800064D9F /* Products */;
			projectDirPath = "";
			projectRoot = "";
			targets = (
				A8C2E3FA1A68E29800064D9F /* APP */,
				A8C2E4131A68E29800064D9F /* APPTests */,
			);
		};
/* End PBXProject section */

/* Begin PBXResourcesBuildPhase section */
		A8C2E3F91A68E29800064D9F /* Resources */ = {
			isa = PBXResourcesBuildPhase;
			buildActionMask = 2147483647;
			files = (
				A8C2E40A1A68E29800064D9F /* Main.storyboard in Resources */,
				A8C2E40F1A68E29800064D9F /* LaunchScreen.xib in Resources */,
				A8C2E40C1A68E29800064D9F /* Images.xcassets in Resources */,
			);
			runOnlyForDeploymentPostprocessing = 0;
		};
		A8C2E4121A68E29800064D9F /* Resources */ = {
			isa = PBXResourcesBuildPhase;
			buildActionMask = 2147483647;
			files = (
			);
			runOnlyForDeploymentPostprocessing = 0;
		};
/* End PBXResourcesBuildPhase section */

/* Begin PBXSourcesBuildPhase section */
		A8C2E3F71A68E29800064D9F /* Sources */ = {
			isa = PBXSourcesBuildPhase;
			buildActionMask = 2147483647;
			files = (
				A8C2E4071A68E29800064D9F /* ViewController.m in Sources */,
				A8C2E4041A68E29800064D9F /* AppDelegate.m in Sources */,
				A8C2E4011A68E29800064D9F /* main.m in Sources */,
			);
			runOnlyForDeploymentPostprocessing = 0;
		};
		A8C2E4101A68E29800064D9F /* Sources */ = {
			isa = PBXSourcesBuildPhase;
			buildActionMask = 2147483647;
			files = (
				A8C2E41B1A68E29800064D9F /* APPTests.m in Sources */,
			);
			runOnlyForDeploymentPostprocessing = 0;
		};
/* End PBXSourcesBuildPhase section */

/* Begin PBXTargetDependency section */
		A8C2E4161A68E29800064D9F /* PBXTargetDependency */ = {
			isa = PBXTargetDependency;
			target = A8C2E3FA1A68E29800064D9F /* APP */;
			targetProxy = A8C2E4151A68E29800064D9F /* PBXContainerItemProxy */;
		};
/* End PBXTargetDependency section */

/* Begin PBXVariantGroup section */
		A8C2E4081A68E29800064D9F /* Main.storyboard */ = {
			isa = PBXVariantGroup;
			children = (
				A8C2E4091A68E29800064D9F /* Base */,
			);
			name = Main.storyboard;
			sourceTree = "<group>";
		};
		A8C2E40D1A68E29800064D9F /* LaunchScreen.xib */ = {
			isa = PBXVariantGroup;
			children = (
				A8C2E40E1A68E29800064D9F /* Base */,
			);
			name = LaunchScreen.xib;
			sourceTree = "<group>";
		};
/* End PBXVariantGroup section */

/* Begin XCBuildConfiguration section */
		A8C2E41C1A68E29800064D9F /* Debug */ = {
			isa = XCBuildConfiguration;
			buildSettings = {
				ALWAYS_SEARCH_USER_PATHS = NO;
				CLANG_CXX_LANGUAGE_STANDARD = "gnu++0x";
				CLANG_CXX_LIBRARY = "libc++";
				CLANG_ENABLE_MODULES = YES;
				CLANG_ENABLE_OBJC_ARC = YES;
				CLANG_WARN_BOOL_CONVERSION = YES;
				CLANG_WARN_CONSTANT_CONVERSION = YES;
				CLANG_WARN_DIRECT_OBJC_ISA_USAGE = YES_ERROR;
				CLANG_WARN_EMPTY_BODY = YES;
				CLANG_WARN_ENUM_CONVERSION = YES;
				CLANG_WARN_INT_CONVERSION = YES;
				CLANG_WARN_OBJC_ROOT_CLASS = YES_ERROR;
				CLANG_WARN_UNREACHABLE_CODE = YES;
				CLANG_WARN__DUPLICATE_METHOD_MATCH = YES;
				"CODE_SIGN_IDENTITY[sdk=iphoneos*]" = "iPhone Developer";
				COPY_PHASE_STRIP = NO;
				ENABLE_STRICT_OBJC_MSGSEND = YES;
				GCC_C_LANGUAGE_STANDARD = gnu99;
				GCC_DYNAMIC_NO_PIC = NO;
				GCC_OPTIMIZATION_LEVEL = 0;
				GCC_PREPROCESSOR_DEFINITIONS = (
					"DEBUG=1",
					"$(inherited)",
				);
				GCC_SYMBOLS_PRIVATE_EXTERN = NO;
				GCC_WARN_64_TO_32_BIT_CONVERSION = YES;
				GCC_WARN_ABOUT_RETURN_TYPE = YES_ERROR;
				GCC_WARN_UNDECLARED_SELECTOR = YES;
				GCC_WARN_UNINITIALIZED_AUTOS = YES_AGGRESSIVE;
				GCC_WARN_UNUSED_FUNCTION = YES;
				GCC_WARN_UNUSED_VARIABLE = YES;
				IPHONEOS_DEPLOYMENT_TARGET = 8.1;
				MTL_ENABLE_DEBUG_INFO = YES;
				ONLY_ACTIVE_ARCH = YES;
				SDKROOT = iphoneos;
				TARGETED_DEVICE_FAMILY = "1,2";
			};
			name = Debug;
		};
		A8C2E41D1A68E29800064D9F /* Release */ = {
			isa = XCBuildConfiguration;
			buildSettings = {
				ALWAYS_SEARCH_USER_PATHS = NO;
				CLANG_CXX_LANGUAGE_STANDARD = "gnu++0x";
				CLANG_CXX_LIBRARY = "libc++";
				CLANG_ENABLE_MODULES = YES;
				CLANG_ENABLE_OBJC_ARC = YES;
				CLANG_WARN_BOOL_CONVERSION = YES;
				CLANG_WARN_CONSTANT_CONVERSION = YES;
				CLANG_WARN_DIRECT_OBJC_ISA_USAGE = YES_ERROR;
				CLANG_WARN_EMPTY_BODY = YES;
				CLANG_WARN_ENUM_CONVERSION = YES;
				CLANG_WARN_INT_CONVERSION = YES;
				CLANG_WARN_OBJC_ROOT_CLASS = YES_ERROR;
				CLANG_WARN_UNREACHABLE_CODE = YES;
				CLANG_WARN__DUPLICATE_METHOD_MATCH = YES;
				"CODE_SIGN_IDENTITY[sdk=iphoneos*]" = "iPhone Developer";
				COPY_PHASE_STRIP = YES;
				ENABLE_NS_ASSERTIONS = NO;
				ENABLE_STRICT_OBJC_MSGSEND = YES;
				GCC_C_LANGUAGE_STANDARD = gnu99;
				GCC_WARN_64_TO_32_BIT_CONVERSION = YES;
				GCC_WARN_ABOUT_RETURN_TYPE = YES_ERROR;
				GCC_WARN_UNDECLARED_SELECTOR = YES;
				GCC_WARN_UNINITIALIZED_AUTOS = YES_AGGRESSIVE;
				GCC_WARN_UNUSED_FUNCTION = YES;
				GCC_WARN_UNUSED_VARIABLE = YES;
				IPHONEOS_DEPLOYMENT_TARGET = 8.1;
				MTL_ENABLE_DEBUG_INFO = NO;
				SDKROOT = iphoneos;
				TARGETED_DEVICE_FAMILY = "1,2";
				VALIDATE_PRODUCT = YES;
			};
			name = Release;
		};
		A8C2E41F1A68E29800064D9F /* Debug */ = {
			isa = XCBuildConfiguration;
			buildSettings = {
				ASSETCATALOG_COMPILER_APPICON_NAME = AppIcon;
				INFOPLIST_FILE = APP/Info.plist;
				LD_RUNPATH_SEARCH_PATHS = "$(inherited) @executable_path/Frameworks";
				PRODUCT_NAME = "$(TARGET_NAME)";
			};
			name = Debug;
		};
		A8C2E4201A68E29800064D9F /* Release */ = {
			isa = XCBuildConfiguration;
			buildSettings = {
				ASSETCATALOG_COMPILER_APPICON_NAME = AppIcon;
				INFOPLIST_FILE = APP/Info.plist;
				LD_RUNPATH_SEARCH_PATHS = "$(inherited) @executable_path/Frameworks";
				PRODUCT_NAME = "$(TARGET_NAME)";
			};
			name = Release;
		};
		A8C2E4221A68E29800064D9F /* Debug */ = {
			isa = XCBuildConfiguration;
			buildSettings = {
				BUNDLE_LOADER = "$(TEST_HOST)";
				FRAMEWORK_SEARCH_PATHS = (
					"$(SDKROOT)/Developer/Library/Frameworks",
					"$(inherited)",
				);
				GCC_PREPROCESSOR_DEFINITIONS = (
					"DEBUG=1",
					"$(inherited)",
				);
				INFOPLIST_FILE = APPTests/Info.plist;
				LD_RUNPATH_SEARCH_PATHS = "$(inherited) @executable_path/Frameworks @loader_path/Frameworks";
				PRODUCT_NAME = "$(TARGET_NAME)";
				TEST_HOST = "$(BUILT_PRODUCTS_DIR)/APP.app/APP";
			};
			name = Debug;
		};
		A8C2E4231A68E29800064D9F /* Release */ = {
			isa = XCBuildConfiguration;
			buildSettings = {
				BUNDLE_LOADER = "$(TEST_HOST)";
				FRAMEWORK_SEARCH_PATHS = (
					"$(SDKROOT)/Developer/Library/Frameworks",
					"$(inherited)",
				);
				INFOPLIST_FILE = APPTests/Info.plist;
				LD_RUNPATH_SEARCH_PATHS = "$(inherited) @executable_path/Frameworks @loader_path/Frameworks";
				PRODUCT_NAME = "$(TARGET_NAME)";
				TEST_HOST = "$(BUILT_PRODUCTS_DIR)/APP.app/APP";
			};
			name = Release;
		};
/* End XCBuildConfiguration section */

/* Begin XCConfigurationList section */
		A8C2E3F61A68E29800064D9F /* Build configuration list for PBXProject "APP" */ = {
			isa = XCConfigurationList;
			buildConfigurations = (
				A8C2E41C1A68E29800064D9F /* Debug */,
				A8C2E41D1A68E29800064D9F /* Release */,
			);
			defaultConfigurationIsVisible = 0;
			defaultConfigurationName = Release;
		};
		A8C2E41E1A68E29800064D9F /* Build configuration list for PBXNativeTarget "APP" */ = {
			isa = XCConfigurationList;
			buildConfigurations = (
				A8C2E41F1A68E29800064D9F /* Debug */,
				A8C2E4201A68E29800064D9F /* Release */,
			);
			defaultConfigurationIsVisible = 0;
		};
		A8C2E4211A68E29800064D9F /* Build configuration list for PBXNativeTarget "APPTests" */ = {
			isa = XCConfigurationList;
			buildConfigurations = (
				A8C2E4221A68E29800064D9F /* Debug */,
				A8C2E4231A68E29800064D9F /* Release */,
			);
			defaultConfigurationIsVisible = 0;
		};
/* End XCConfigurationList section */
	};
	rootObject = A8C2E3F31A68E29800064D9F /* Project object */;
}
